
Microsoft Visual Studio Solution File, Format Version 12.00
# Visual Studio Version 17
VisualStudioVersion = 17.0.32112.339
MinimumVisualStudioVersion = 10.0.40219.1
Project("{2150E333-8FDC-42A3-9474-1A3956D46DE8}") = "Demos", "Demos", "{90515B77-BC5F-4D23-96A3-EC8A85B598A8}"
EndProject
Project("{FAE04EC0-301F-11D3-BF4B-00C04F79EFBC}") = "Week3.WCFService", "..\Week3.WCFService\Week3.WCFService.csproj", "{0A669432-5775-4F12-8A90-5E0612AD7985}"
EndProject
Project("{FAE04EC0-301F-11D3-BF4B-00C04F79EFBC}") = "AcademyA_CDO.Week3.SelfHost", "..\AcademyA_CDO.Week3.SelfHost\AcademyA_CDO.Week3.SelfHost.csproj", "{B0097861-FE67-4774-B3D7-788E6AA646EA}"
EndProject
Project("{9A19103F-16F7-4668-BE54-9A1E7A4F7556}") = "AcademyA_CDO.Week3.CoreLibrary", "..\AcademyA_CDO.Week3.CoreLibrary\AcademyA_CDO.Week3.CoreLibrary.csproj", "{BA687EE3-F3CC-43BD-835F-EE9716C7EF0E}"
EndProject
Project("{9A19103F-16F7-4668-BE54-9A1E7A4F7556}") = "ACADEMYA_CDO.Week3.Core.Mock", "..\ACADEMYA_CDO.Week3.Core.Mock\ACADEMYA_CDO.Week3.Core.Mock.csproj", "{EA8EF078-C52D-42F1-A242-BCD97428EA13}"
EndProject
Project("{9A19103F-16F7-4668-BE54-9A1E7A4F7556}") = "AcademyA_CDO.Week3.ConsoleClient", "..\AcademyA_CDO.Week3.ConsoleClient\AcademyA_CDO.Week3.ConsoleClient.csproj", "{7BEFAC1F-8044-4381-82AC-5B262FC29E60}"
EndProject
Project("{2150E333-8FDC-42A3-9474-1A3956D46DE8}") = "EsercitazioneWCF", "EsercitazioneWCF", "{86654412-B532-4B99-A7AC-AFFC700937EB}"
EndProject
Project("{9A19103F-16F7-4668-BE54-9A1E7A4F7556}") = "Esercitazione.Library", "..\Esercitazione.Library\Esercitazione.Library.csproj", "{3CFA6469-0698-4B67-A6F0-43892A741D52}"
EndProject
Project("{9A19103F-16F7-4668-BE54-9A1E7A4F7556}") = "Esercitazione.Library.Mock", "..\Esercitazione.Library.Mock\Esercitazione.Library.Mock.csproj", "{4E85135C-3B79-4491-8311-BBEA494D2047}"
EndProject
Project("{FAE04EC0-301F-11D3-BF4B-00C04F79EFBC}") = "Esercitazione.WCFService", "..\Esercitazione.WCFService\Esercitazione.WCFService.csproj", "{2657E192-6C09-4339-A186-A115FB1367EA}"
EndProject
Project("{FAE04EC0-301F-11D3-BF4B-00C04F79EFBC}") = "Esercitazione.SelfHost", "..\Esercitazione.SelfHost\Esercitazione.SelfHost.csproj", "{36120BDB-6D4F-43F9-9CA0-533F3A7E3B94}"
EndProject
Project("{9A19103F-16F7-4668-BE54-9A1E7A4F7556}") = "Esercitazione.Client", "..\Esercitazione.Client\Esercitazione.Client.csproj", "{659197B3-449B-4998-83E8-67C2B982A31E}"
EndProject
Project("{9A19103F-16F7-4668-BE54-9A1E7A4F7556}") = "AcademyA_CDO.Week3.ASPNETCore.WebAPI", "..\AcademyA_CDO.Week3.ASPNETCore.WebAPI\AcademyA_CDO.Week3.ASPNETCore.WebAPI.csproj", "{192FE5CC-7288-41B3-9B32-281E628C09D5}"
EndProject
Project("{FAE04EC0-301F-11D3-BF4B-00C04F79EFBC}") = "Esercitazione.EF", "..\Esercitazione.EF\Esercitazione.EF.csproj", "{77B14A76-3835-44F6-8CA9-37CD4974BEEF}"
EndProject
Global
	GlobalSection(SolutionConfigurationPlatforms) = preSolution
		Debug|Any CPU = Debug|Any CPU
		Release|Any CPU = Release|Any CPU
	EndGlobalSection
	GlobalSection(ProjectConfigurationPlatforms) = postSolution
		{0A669432-5775-4F12-8A90-5E0612AD7985}.Debug|Any CPU.ActiveCfg = Debug|Any CPU
		{0A669432-5775-4F12-8A90-5E0612AD7985}.Debug|Any CPU.Build.0 = Debug|Any CPU
		{0A669432-5775-4F12-8A90-5E0612AD7985}.Release|Any CPU.ActiveCfg = Release|Any CPU
		{0A669432-5775-4F12-8A90-5E0612AD7985}.Release|Any CPU.Build.0 = Release|Any CPU
		{B0097861-FE67-4774-B3D7-788E6AA646EA}.Debug|Any CPU.ActiveCfg = Debug|Any CPU
		{B0097861-FE67-4774-B3D7-788E6AA646EA}.Debug|Any CPU.Build.0 = Debug|Any CPU
		{B0097861-FE67-4774-B3D7-788E6AA646EA}.Release|Any CPU.ActiveCfg = Release|Any CPU
		{B0097861-FE67-4774-B3D7-788E6AA646EA}.Release|Any CPU.Build.0 = Release|Any CPU
		{BA687EE3-F3CC-43BD-835F-EE9716C7EF0E}.Debug|Any CPU.ActiveCfg = Debug|Any CPU
		{BA687EE3-F3CC-43BD-835F-EE9716C7EF0E}.Debug|Any CPU.Build.0 = Debug|Any CPU
		{BA687EE3-F3CC-43BD-835F-EE9716C7EF0E}.Release|Any CPU.ActiveCfg = Release|Any CPU
		{BA687EE3-F3CC-43BD-835F-EE9716C7EF0E}.Release|Any CPU.Build.0 = Release|Any CPU
		{EA8EF078-C52D-42F1-A242-BCD97428EA13}.Debug|Any CPU.ActiveCfg = Debug|Any CPU
		{EA8EF078-C52D-42F1-A242-BCD97428EA13}.Debug|Any CPU.Build.0 = Debug|Any CPU
		{EA8EF078-C52D-42F1-A242-BCD97428EA13}.Release|Any CPU.ActiveCfg = Release|Any CPU
		{EA8EF078-C52D-42F1-A242-BCD97428EA13}.Release|Any CPU.Build.0 = Release|Any CPU
		{7BEFAC1F-8044-4381-82AC-5B262FC29E60}.Debug|Any CPU.ActiveCfg = Debug|Any CPU
		{7BEFAC1F-8044-4381-82AC-5B262FC29E60}.Debug|Any CPU.Build.0 = Debug|Any CPU
		{7BEFAC1F-8044-4381-82AC-5B262FC29E60}.Release|Any CPU.ActiveCfg = Release|Any CPU
		{7BEFAC1F-8044-4381-82AC-5B262FC29E60}.Release|Any CPU.Build.0 = Release|Any CPU
		{3CFA6469-0698-4B67-A6F0-43892A741D52}.Debug|Any CPU.ActiveCfg = Debug|Any CPU
		{3CFA6469-0698-4B67-A6F0-43892A741D52}.Debug|Any CPU.Build.0 = Debug|Any CPU
		{3CFA6469-0698-4B67-A6F0-43892A741D52}.Release|Any CPU.ActiveCfg = Release|Any CPU
		{3CFA6469-0698-4B67-A6F0-43892A741D52}.Release|Any CPU.Build.0 = Release|Any CPU
		{4E85135C-3B79-4491-8311-BBEA494D2047}.Debug|Any CPU.ActiveCfg = Debug|Any CPU
		{4E85135C-3B79-4491-8311-BBEA494D2047}.Debug|Any CPU.Build.0 = Debug|Any CPU
		{4E85135C-3B79-4491-8311-BBEA494D2047}.Release|Any CPU.ActiveCfg = Release|Any CPU
		{4E85135C-3B79-4491-8311-BBEA494D2047}.Release|Any CPU.Build.0 = Release|Any CPU
		{2657E192-6C09-4339-A186-A115FB1367EA}.Debug|Any CPU.ActiveCfg = Debug|Any CPU
		{2657E192-6C09-4339-A186-A115FB1367EA}.Debug|Any CPU.Build.0 = Debug|Any CPU
		{2657E192-6C09-4339-A186-A115FB1367EA}.Release|Any CPU.ActiveCfg = Release|Any CPU
		{2657E192-6C09-4339-A186-A115FB1367EA}.Release|Any CPU.Build.0 = Release|Any CPU
		{36120BDB-6D4F-43F9-9CA0-533F3A7E3B94}.Debug|Any CPU.ActiveCfg = Debug|Any CPU
		{36120BDB-6D4F-43F9-9CA0-533F3A7E3B94}.Debug|Any CPU.Build.0 = Debug|Any CPU
		{36120BDB-6D4F-43F9-9CA0-533F3A7E3B94}.Release|Any CPU.ActiveCfg = Release|Any CPU
		{36120BDB-6D4F-43F9-9CA0-533F3A7E3B94}.Release|Any CPU.Build.0 = Release|Any CPU
		{659197B3-449B-4998-83E8-67C2B982A31E}.Debug|Any CPU.ActiveCfg = Debug|Any CPU
		{659197B3-449B-4998-83E8-67C2B982A31E}.Debug|Any CPU.Build.0 = Debug|Any CPU
		{659197B3-449B-4998-83E8-67C2B982A31E}.Release|Any CPU.ActiveCfg = Release|Any CPU
		{659197B3-449B-4998-83E8-67C2B982A31E}.Release|Any CPU.Build.0 = Release|Any CPU
		{192FE5CC-7288-41B3-9B32-281E628C09D5}.Debug|Any CPU.ActiveCfg = Debug|Any CPU
		{192FE5CC-7288-41B3-9B32-281E628C09D5}.Debug|Any CPU.Build.0 = Debug|Any CPU
		{192FE5CC-7288-41B3-9B32-281E628C09D5}.Release|Any CPU.ActiveCfg = Release|Any CPU
		{192FE5CC-7288-41B3-9B32-281E628C09D5}.Release|Any CPU.Build.0 = Release|Any CPU
		{77B14A76-3835-44F6-8CA9-37CD4974BEEF}.Debug|Any CPU.ActiveCfg = Debug|Any CPU
		{77B14A76-3835-44F6-8CA9-37CD4974BEEF}.Debug|Any CPU.Build.0 = Debug|Any CPU
		{77B14A76-3835-44F6-8CA9-37CD4974BEEF}.Release|Any CPU.ActiveCfg = Release|Any CPU
		{77B14A76-3835-44F6-8CA9-37CD4974BEEF}.Release|Any CPU.Build.0 = Release|Any CPU
	EndGlobalSection
	GlobalSection(SolutionProperties) = preSolution
		HideSolutionNode = FALSE
	EndGlobalSection
	GlobalSection(NestedProjects) = preSolution
		{0A669432-5775-4F12-8A90-5E0612AD7985} = {90515B77-BC5F-4D23-96A3-EC8A85B598A8}
		{B0097861-FE67-4774-B3D7-788E6AA646EA} = {90515B77-BC5F-4D23-96A3-EC8A85B598A8}
		{BA687EE3-F3CC-43BD-835F-EE9716C7EF0E} = {90515B77-BC5F-4D23-96A3-EC8A85B598A8}
		{EA8EF078-C52D-42F1-A242-BCD97428EA13} = {90515B77-BC5F-4D23-96A3-EC8A85B598A8}
		{7BEFAC1F-8044-4381-82AC-5B262FC29E60} = {90515B77-BC5F-4D23-96A3-EC8A85B598A8}
		{3CFA6469-0698-4B67-A6F0-43892A741D52} = {86654412-B532-4B99-A7AC-AFFC700937EB}
		{4E85135C-3B79-4491-8311-BBEA494D2047} = {86654412-B532-4B99-A7AC-AFFC700937EB}
		{2657E192-6C09-4339-A186-A115FB1367EA} = {86654412-B532-4B99-A7AC-AFFC700937EB}
		{36120BDB-6D4F-43F9-9CA0-533F3A7E3B94} = {86654412-B532-4B99-A7AC-AFFC700937EB}
		{659197B3-449B-4998-83E8-67C2B982A31E} = {86654412-B532-4B99-A7AC-AFFC700937EB}
		{192FE5CC-7288-41B3-9B32-281E628C09D5} = {90515B77-BC5F-4D23-96A3-EC8A85B598A8}
		{77B14A76-3835-44F6-8CA9-37CD4974BEEF} = {86654412-B532-4B99-A7AC-AFFC700937EB}
	EndGlobalSection
	GlobalSection(ExtensibilityGlobals) = postSolution
		SolutionGuid = {4DA73267-4C43-4630-89CF-76C1FD0F9DCB}
	EndGlobalSection
EndGlobal
